{
  "name": "wow-guide-manager",
  "version": "0.1.0",
  "lockfileVersion": 3,
  "requires": true,
  "packages": {
    "": {
      "name": "wow-guide-manager",
      "version": "0.1.0",
      "license": "UNLICENSED",
      "devDependencies": {},
      "scripts": {
        "build": "node scripts/build.mjs",
        "test": "node scripts/test.mjs",
        "dist:win": "node scripts/build.mjs --portable",
        "package:handoff": "node scripts/package-handoff.mjs",
        "assets:check": "node scripts/validate-assets.mjs",
        "assets:download": "node scripts/download-assets.mjs"
      }
    }
  }
}
